github.com/franela/goblin v0.0.0-20211003143422-0a4f594942bf h1:NrF81UtW8gG2LBGkXFQFqlfNnvMt9WdB46sfdJY4oqc=
github.com/franela/goblin v0.0.0-20211003143422-0a4f594942bf/go.mod h1:VzmDKDJVZI3aJmnRI9VjAn9nJ8qPPsN1fqzr9dqInIo=
github.com/intdxdt/dbits v1.0.3 h1:uHD/Xvwyk38uDO4/gZcx5SA8W3Ep9nPtGdG1x1pL2VQ=
github.com/intdxdt/dbits v1.0.3/go.mod h1:V5ErUAG+a7WrVPQqQAbgbAxiYsPYol0bY8C5vOFNExw=
github.com/intdxdt/twiddle v1.0.3 h1:wHvcoSmaLbF60xr4QKbTaNt41QdBKSSS/bgJ2F88/RY=
github.com/intdxdt/twiddle v1.0.3/go.mod h1:nedQK9BQeYjtKSRHlDUBb1y3i+IsnjgIiFurT42J2rM=
